
Microsoft Visual Studio Solution File, Format Version 12.00
# Visual Studio Version 16
VisualStudioVersion = 16.0.31515.178
MinimumVisualStudioVersion = 10.0.40219.1
Project("{FAE04EC0-301F-11D3-BF4B-00C04F79EFBC}") = "LiveGame", "LiveGame\LiveGame.csproj", "{CA621070-6A42-4715-A1F6-74BCEA2DE8D7}"
EndProject
Project("{FAE04EC0-301F-11D3-BF4B-00C04F79EFBC}") = "UserProcessesEavesdropper", "UserProcessesEavesdropper\UserProcessesEavesdropper.csproj", "{9E68E23B-6041-4E05-B983-2A3FB6D43409}"
EndProject
Project("{FAE04EC0-301F-11D3-BF4B-00C04F79EFBC}") = "CalendarManager", "CalendarManager\CalendarManager.csproj", "{6A7888B5-8E15-4A42-8F84-2F134EB270D4}"
EndProject
Global
	GlobalSection(SolutionConfigurationPlatforms) = preSolution
		Debug|Any CPU = Debug|Any CPU
		Release|Any CPU = Release|Any CPU
	EndGlobalSection
	GlobalSection(ProjectConfigurationPlatforms) = postSolution
		{CA621070-6A42-4715-A1F6-74BCEA2DE8D7}.Debug|Any CPU.ActiveCfg = Debug|Any CPU
		{CA621070-6A42-4715-A1F6-74BCEA2DE8D7}.Debug|Any CPU.Build.0 = Debug|Any CPU
		{CA621070-6A42-4715-A1F6-74BCEA2DE8D7}.Release|Any CPU.ActiveCfg = Release|Any CPU
		{CA621070-6A42-4715-A1F6-74BCEA2DE8D7}.Release|Any CPU.Build.0 = Release|Any CPU
		{9E68E23B-6041-4E05-B983-2A3FB6D43409}.Debug|Any CPU.ActiveCfg = Debug|Any CPU
		{9E68E23B-6041-4E05-B983-2A3FB6D43409}.Debug|Any CPU.Build.0 = Debug|Any CPU
		{9E68E23B-6041-4E05-B983-2A3FB6D43409}.Release|Any CPU.ActiveCfg = Release|Any CPU
		{9E68E23B-6041-4E05-B983-2A3FB6D43409}.Release|Any CPU.Build.0 = Release|Any CPU
		{6A7888B5-8E15-4A42-8F84-2F134EB270D4}.Debug|Any CPU.ActiveCfg = Debug|Any CPU
		{6A7888B5-8E15-4A42-8F84-2F134EB270D4}.Debug|Any CPU.Build.0 = Debug|Any CPU
		{6A7888B5-8E15-4A42-8F84-2F134EB270D4}.Release|Any CPU.ActiveCfg = Release|Any CPU
		{6A7888B5-8E15-4A42-8F84-2F134EB270D4}.Release|Any CPU.Build.0 = Release|Any CPU
	EndGlobalSection
	GlobalSection(SolutionProperties) = preSolution
		HideSolutionNode = FALSE
	EndGlobalSection
	GlobalSection(ExtensibilityGlobals) = postSolution
		SolutionGuid = {F5AD5C12-071D-4741-8D0B-34D542806E91}
	EndGlobalSection
EndGlobal
